{
  "requires": true,
  "lockfileVersion": 1,
  "dependencies": {
    "@sweetalert2/theme-borderless": {
      "version": "5.0.7",
      "resolved": "https://registry.npmjs.org/@sweetalert2/theme-borderless/-/theme-borderless-5.0.7.tgz",
      "integrity": "sha512-gEJTd1b5D8RFdbevMNNCsn41SitnpOXNZqJEzTlaD/dkAgwR6JgW+YAhUFsj6QbXe5IQXVYXoZU8To4jEpfz8A=="
    },
    "sweetalert2": {
      "version": "11.1.9",
      "resolved": "https://registry.npmjs.org/sweetalert2/-/sweetalert2-11.1.9.tgz",
      "integrity": "sha512-ox+BjtAbO8mJrbQH9TsNwMwLeTfV+ve33CVz/kKn5D/DhRiSqnw2rWL4HuBlh9Z4yqYlTD5viR5Z2K5D3avM7Q=="
    }
  }
}
